
Microsoft Visual Studio Solution File, Format Version 12.00
# Visual Studio Version 17
VisualStudioVersion = 17.4.33205.214
MinimumVisualStudioVersion = 10.0.40219.1
Project("{FAE04EC0-301F-11D3-BF4B-00C04F79EFBC}") = "SqlValidator", "SqlValidator.csproj", "{6B5895F1-BCE4-44D6-BCD0-E003269CA358}"
EndProject
Global
	GlobalSection(SolutionConfigurationPlatforms) = preSolution
		Debug|Any CPU = Debug|Any CPU
		Release|Any CPU = Release|Any CPU
	EndGlobalSection
	GlobalSection(ProjectConfigurationPlatforms) = postSolution
		{6B5895F1-BCE4-44D6-BCD0-E003269CA358}.Debug|Any CPU.ActiveCfg = Debug|Any CPU
		{6B5895F1-BCE4-44D6-BCD0-E003269CA358}.Debug|Any CPU.Build.0 = Debug|Any CPU
		{6B5895F1-BCE4-44D6-BCD0-E003269CA358}.Release|Any CPU.ActiveCfg = Release|Any CPU
		{6B5895F1-BCE4-44D6-BCD0-E003269CA358}.Release|Any CPU.Build.0 = Release|Any CPU
	EndGlobalSection
	GlobalSection(SolutionProperties) = preSolution
		HideSolutionNode = FALSE
	EndGlobalSection
	GlobalSection(ExtensibilityGlobals) = postSolution
		SolutionGuid = {60A905FF-88A3-48E4-8DEC-2E43CAEAA38E}
	EndGlobalSection
EndGlobal
